<Solution>
  <Folder Name="/Tests/">
    <Project Path="Test/ThabeSoft.Mediator.Benchmark/ThabeSoft.Mediator.Benchmark.csproj" />
    <Project Path="Test/ThabeSoft.Mediator.Tests/ThabeSoft.Mediator.Tests.csproj" />
  </Folder>
  <Project Path="Src/ThabeSoft.Mediator.Abstractions/ThabeSoft.Mediator.Abstractions.csproj" />
  <Project Path="Src/ThabeSoft.Mediator.Contracts/ThabeSoft.Mediator.Contracts.csproj" />
  <Project Path="Src/ThabeSoft.Mediator.SourceGenerator/ThabeSoft.Mediator.SourceGenerator.csproj" />
  <Project Path="Src/ThabeSoft.Mediator/ThabeSoft.Mediator.csproj" />
</Solution>
