<Solution>
  <Folder Name="/Tests/">
    <Project Path="tests/ThabeSoft.Mediator.Benchmark/ThabeSoft.Mediator.Benchmark.csproj" />
    <Project Path="tests/ThabeSoft.Mediator.IntegrationTests/ThabeSoft.Mediator.IntegrationTests.csproj" />
    <Project Path="tests/ThabeSoft.Mediator.UnitTests/ThabeSoft.Mediator.UnitTests.csproj" />
  </Folder>
  <Project Path="src/ThabeSoft.Mediator.Abstractions/ThabeSoft.Mediator.Abstractions.csproj" />
  <Project Path="src/ThabeSoft.Mediator.SourceGenerator/ThabeSoft.Mediator.SourceGenerator.csproj" />
  <Project Path="src/ThabeSoft.Mediator/ThabeSoft.Mediator.csproj" />
  <Project Path="src/ThabeSoft.Mediator.Contracts/ThabeSoft.Mediator.Contracts.csproj" Id="380a7cf4-841a-493f-92f2-ee5fdc31a448" />
</Solution>
